
Microsoft Visual Studio Solution File, Format Version 12.00
# Visual Studio Version 17
VisualStudioVersion = 17.6.33815.320
MinimumVisualStudioVersion = 10.0.40219.1
Project("{8BC9CEB8-8B4A-11D0-8D11-00A0C91BC942}") = "MeshClass3DCamera", "MeshClass3DCamera\MeshClass3DCamera.vcxproj", "{028191E2-A95B-468D-85B1-65DD5E1D055A}"
EndProject
Global
	GlobalSection(SolutionConfigurationPlatforms) = preSolution
		Debug|x64 = Debug|x64
		Debug|x86 = Debug|x86
		Release|x64 = Release|x64
		Release|x86 = Release|x86
	EndGlobalSection
	GlobalSection(ProjectConfigurationPlatforms) = postSolution
		{028191E2-A95B-468D-85B1-65DD5E1D055A}.Debug|x64.ActiveCfg = Debug|x64
		{028191E2-A95B-468D-85B1-65DD5E1D055A}.Debug|x64.Build.0 = Debug|x64
		{028191E2-A95B-468D-85B1-65DD5E1D055A}.Debug|x86.ActiveCfg = Debug|Win32
		{028191E2-A95B-468D-85B1-65DD5E1D055A}.Debug|x86.Build.0 = Debug|Win32
		{028191E2-A95B-468D-85B1-65DD5E1D055A}.Release|x64.ActiveCfg = Release|x64
		{028191E2-A95B-468D-85B1-65DD5E1D055A}.Release|x64.Build.0 = Release|x64
		{028191E2-A95B-468D-85B1-65DD5E1D055A}.Release|x86.ActiveCfg = Release|Win32
		{028191E2-A95B-468D-85B1-65DD5E1D055A}.Release|x86.Build.0 = Release|Win32
	EndGlobalSection
	GlobalSection(SolutionProperties) = preSolution
		HideSolutionNode = FALSE
	EndGlobalSection
	GlobalSection(ExtensibilityGlobals) = postSolution
		SolutionGuid = {1BDCA4C4-9A61-476B-95A2-D197FFA45163}
	EndGlobalSection
EndGlobal
