
Microsoft Visual Studio Solution File, Format Version 12.00
# Visual Studio Version 17
VisualStudioVersion = 17.2.32630.192
MinimumVisualStudioVersion = 10.0.40219.1
Project("{8BC9CEB8-8B4A-11D0-8D11-00A0C91BC942}") = "A05 - Hunters and Monsters", "A05 - Hunters and Monsters\A05 - Hunters and Monsters.vcxproj", "{B854AF65-C486-413C-829E-689432291B38}"
EndProject
Global
	GlobalSection(SolutionConfigurationPlatforms) = preSolution
		Debug|x64 = Debug|x64
		Debug|x86 = Debug|x86
		Release|x64 = Release|x64
		Release|x86 = Release|x86
	EndGlobalSection
	GlobalSection(ProjectConfigurationPlatforms) = postSolution
		{B854AF65-C486-413C-829E-689432291B38}.Debug|x64.ActiveCfg = Debug|x64
		{B854AF65-C486-413C-829E-689432291B38}.Debug|x64.Build.0 = Debug|x64
		{B854AF65-C486-413C-829E-689432291B38}.Debug|x86.ActiveCfg = Debug|Win32
		{B854AF65-C486-413C-829E-689432291B38}.Debug|x86.Build.0 = Debug|Win32
		{B854AF65-C486-413C-829E-689432291B38}.Release|x64.ActiveCfg = Release|x64
		{B854AF65-C486-413C-829E-689432291B38}.Release|x64.Build.0 = Release|x64
		{B854AF65-C486-413C-829E-689432291B38}.Release|x86.ActiveCfg = Release|Win32
		{B854AF65-C486-413C-829E-689432291B38}.Release|x86.Build.0 = Release|Win32
	EndGlobalSection
	GlobalSection(SolutionProperties) = preSolution
		HideSolutionNode = FALSE
	EndGlobalSection
	GlobalSection(ExtensibilityGlobals) = postSolution
		SolutionGuid = {4BF52CEA-8B01-4CEF-A290-3027BEF4FCF5}
	EndGlobalSection
EndGlobal
