
Microsoft Visual Studio Solution File, Format Version 12.00
# Visual Studio Version 17
VisualStudioVersion = 17.2.32630.192
MinimumVisualStudioVersion = 10.0.40219.1
Project("{8BC9CEB8-8B4A-11D0-8D11-00A0C91BC942}") = "A03 - Particle System", "A03 - Particle System\A03 - Particle System.vcxproj", "{9351192D-103C-45C5-95A8-7E0755FD7046}"
EndProject
Global
	GlobalSection(SolutionConfigurationPlatforms) = preSolution
		Debug|x64 = Debug|x64
		Debug|x86 = Debug|x86
		Release|x64 = Release|x64
		Release|x86 = Release|x86
	EndGlobalSection
	GlobalSection(ProjectConfigurationPlatforms) = postSolution
		{9351192D-103C-45C5-95A8-7E0755FD7046}.Debug|x64.ActiveCfg = Debug|x64
		{9351192D-103C-45C5-95A8-7E0755FD7046}.Debug|x64.Build.0 = Debug|x64
		{9351192D-103C-45C5-95A8-7E0755FD7046}.Debug|x86.ActiveCfg = Debug|Win32
		{9351192D-103C-45C5-95A8-7E0755FD7046}.Debug|x86.Build.0 = Debug|Win32
		{9351192D-103C-45C5-95A8-7E0755FD7046}.Release|x64.ActiveCfg = Release|x64
		{9351192D-103C-45C5-95A8-7E0755FD7046}.Release|x64.Build.0 = Release|x64
		{9351192D-103C-45C5-95A8-7E0755FD7046}.Release|x86.ActiveCfg = Release|Win32
		{9351192D-103C-45C5-95A8-7E0755FD7046}.Release|x86.Build.0 = Release|Win32
	EndGlobalSection
	GlobalSection(SolutionProperties) = preSolution
		HideSolutionNode = FALSE
	EndGlobalSection
	GlobalSection(ExtensibilityGlobals) = postSolution
		SolutionGuid = {7D002E6B-476A-460D-A644-8EAA0FDA9076}
	EndGlobalSection
EndGlobal
